github.com/goplus/gop v0.7.5 h1:YXnvV7QoJjFiRDbNWJkywL8XNmD309IoAyqmsFV3hQU=
github.com/goplus/gop v0.7.5/go.mod h1:/+1OwExXHm5kGMw0zk+RHQBzgTYRI95ARRGfr62w/VE=
github.com/goplus/gop v0.7.6 h1:sZ1GPqD73DMYgqYQN70zfsHplzqlxvln8gaZZQTk0z0=
github.com/goplus/gop v0.7.6/go.mod h1:/+1OwExXHm5kGMw0zk+RHQBzgTYRI95ARRGfr62w/VE=
github.com/goplus/gop v0.7.8 h1:NurfaUnAzPNosnOq8PJi6TvLm57G4y7S6ocxHj2imKk=
github.com/goplus/gop v0.7.8/go.mod h1:/+1OwExXHm5kGMw0zk+RHQBzgTYRI95ARRGfr62w/VE=
github.com/goplus/gop v0.7.9 h1:mg9rkWcyXiLVXfVbvNkvR7qL9sTKoEqISZwgaBXhxC8=
github.com/goplus/gop v0.7.9/go.mod h1:/+1OwExXHm5kGMw0zk+RHQBzgTYRI95ARRGfr62w/VE=
github.com/goplus/gop v0.7.11 h1:uElX7zZubMZI4AmMB3B8sLaDBSwY5puvpcsw3Jc2gs0=
github.com/goplus/gop v0.7.11/go.mod h1:/+1OwExXHm5kGMw0zk+RHQBzgTYRI95ARRGfr62w/VE=
github.com/goplus/gop v0.7.12 h1:nEEzltzPaHYNGILuGZNfaNb42evTbX87oEksY4OzogU=
github.com/goplus/gop v0.7.12/go.mod h1:/+1OwExXHm5kGMw0zk+RHQBzgTYRI95ARRGfr62w/VE=
github.com/goplus/gop v0.7.13 h1:KcFiminYP76FzR4bNY3bOaSGKWMIeO7ISBnDwVAtUNg=
github.com/goplus/gop v0.7.13/go.mod h1:/+1OwExXHm5kGMw0zk+RHQBzgTYRI95ARRGfr62w/VE=
github.com/mattn/go-runewidth v0.0.3 h1:a+kO+98RDGEfo6asOGMmpodZq4FNtnGP54yps8BzLR4=
github.com/mattn/go-runewidth v0.0.3/go.mod h1:LwmH8dsx7+W8Uxz3IHJYH5QSwggIsqBzpuz5H//U1FU=
github.com/peterh/liner v1.2.0 h1:w/UPXyl5GfahFxcTOz2j9wCIHNI+pUPr2laqpojKNCg=
github.com/peterh/liner v1.2.0/go.mod h1:CRroGNssyjTd/qIG2FyxByd2S8JEAZXBl4qUrZf8GS0=
github.com/qiniu/x v1.11.5 h1:TYr5cl4g2yoHAZeDK4MTjKF6CMoG+IHlCDvvM5qym6U=
github.com/qiniu/x v1.11.5/go.mod h1:03Ni9tj+N2h2aKnAz+6N0Xfl8FwMEDRC2PAlxekASDs=
github.com/visualfc/goplus v0.0.0-20200910083340-8a9646ff8f7a h1:HPnlDjM3g1zzjRzw7kcHFo3AzbYy1FlSPBUA9C83F6Y=
github.com/visualfc/goplus v0.0.0-20200910083340-8a9646ff8f7a/go.mod h1:/+1OwExXHm5kGMw0zk+RHQBzgTYRI95ARRGfr62w/VE=
